{
  "lockfileVersion": 1,
  "configVersion": 1,
  "workspaces": {
    "": {
      "name": "clients-lol",
      "dependencies": {
        "sst": "4.12.2",
      },
      "devDependencies": {
        "@cloudflare/workers-types": "^4.20260424.1",
        "@tsconfig/bun": "catalog:",
        "@types/bun": "catalog:",
        "@types/node": "catalog:",
        "oxfmt": "^0.27.0",
        "oxlint": "^1.42.0",
        "typescript": "catalog:",
      },
    },
    "packages/core": {
      "name": "@clients/core",
      "version": "0.0.1",
      "dependencies": {
        "zod": "catalog:",
      },
      "devDependencies": {
        "@tsconfig/bun": "catalog:",
        "@types/bun": "catalog:",
        "@types/node": "catalog:",
      },
    },
    "packages/web": {
      "name": "@clients/web",
      "version": "0.0.1",
      "dependencies": {
        "@clients/core": "workspace:*",
      },
      "devDependencies": {
        "@tsconfig/bun": "catalog:",
        "@types/bun": "catalog:",
        "@types/node": "catalog:",
      },
    },
  },
  "catalog": {
    "@tsconfig/bun": "^1.0.8",
    "@types/bun": "1.3.0",
    "@types/node": "22.13.9",
    "typescript": "5.8.2",
    "zod": "^3.25.76",
  },
  "packages": {
    "@aws-crypto/crc32": ["@aws-crypto/crc32@5.2.0", "", { "dependencies": { "@aws-crypto/util": "^5.2.0", "@aws-sdk/types": "^3.222.0", "tslib": "^2.6.2" } }, "sha512-nLbCWqQNgUiwwtFsen1AdzAtvuLRsQS8rYgMuxCrdKf9kOssamGLuPwyTY9wyYblNr9+1XM8v6zoDTPPSIeANg=="],

    "@aws-crypto/sha256-browser": ["@aws-crypto/sha256-browser@5.2.0", "", { "dependencies": { "@aws-crypto/sha256-js": "^5.2.0", "@aws-crypto/supports-web-crypto": "^5.2.0", "@aws-crypto/util": "^5.2.0", "@aws-sdk/types": "^3.222.0", "@aws-sdk/util-locate-window": "^3.0.0", "@smithy/util-utf8": "^2.0.0", "tslib": "^2.6.2" } }, "sha512-AXfN/lGotSQwu6HNcEsIASo7kWXZ5HYWvfOmSNKDsEqC4OashTp8alTmaz+F7TC2L083SFv5RdB+qU3Vs1kZqw=="],

    "@aws-crypto/sha256-js": ["@aws-crypto/sha256-js@5.2.0", "", { "dependencies": { "@aws-crypto/util": "^5.2.0", "@aws-sdk/types": "^3.222.0", "tslib": "^2.6.2" } }, "sha512-FFQQyu7edu4ufvIZ+OadFpHHOt+eSTBaYaki44c+akjg7qZg9oOQeLlk77F6tSYqjDAFClrHJk9tMf0HdVyOvA=="],

    "@aws-crypto/supports-web-crypto": ["@aws-crypto/supports-web-crypto@5.2.0", "", { "dependencies": { "tslib": "^2.6.2" } }, "sha512-iAvUotm021kM33eCdNfwIN//F77/IADDSs58i+MDaOqFrVjZo9bAal0NK7HurRuWLLpF1iLX7gbWrjHjeo+YFg=="],

    "@aws-crypto/util": ["@aws-crypto/util@5.2.0", "", { "dependencies": { "@aws-sdk/types": "^3.222.0", "@smithy/util-utf8": "^2.0.0", "tslib": "^2.6.2" } }, "sha512-4RkU9EsI6ZpBve5fseQlGNUWKMa1RLPQ1dnjnQoe07ldfIzcsGb5hC5W0Dm7u423KWzawlrpbjXBrXCEv9zazQ=="],

    "@aws-sdk/client-lambda": ["@aws-sdk/client-lambda@3.1036.0", "", { "dependencies": { "@aws-crypto/sha256-browser": "5.2.0", "@aws-crypto/sha256-js": "5.2.0", "@aws-sdk/core": "^3.974.5", "@aws-sdk/credential-provider-node": "^3.972.36", "@aws-sdk/middleware-host-header": "^3.972.10", "@aws-sdk/middleware-logger": "^3.972.10", "@aws-sdk/middleware-recursion-detection": "^3.972.11", "@aws-sdk/middleware-user-agent": "^3.972.35", "@aws-sdk/region-config-resolver": "^3.972.13", "@aws-sdk/types": "^3.973.8", "@aws-sdk/util-endpoints": "^3.996.8", "@aws-sdk/util-user-agent-browser": "^3.972.10", "@aws-sdk/util-user-agent-node": "^3.973.21", "@smithy/config-resolver": "^4.4.17", "@smithy/core": "^3.23.17", "@smithy/eventstream-serde-browser": "^4.2.14", "@smithy/eventstream-serde-config-resolver": "^4.3.14", "@smithy/eventstream-serde-node": "^4.2.14", "@smithy/fetch-http-handler": "^5.3.17", "@smithy/hash-node": "^4.2.14", "@smithy/invalid-dependency": "^4.2.14", "@smithy/middleware-content-length": "^4.2.14", "@smithy/middleware-endpoint": "^4.4.32", "@smithy/middleware-retry": "^4.5.5", "@smithy/middleware-serde": "^4.2.20", "@smithy/middleware-stack": "^4.2.14", "@smithy/node-config-provider": "^4.3.14", "@smithy/node-http-handler": "^4.6.1", "@smithy/protocol-http": "^5.3.14", "@smithy/smithy-client": "^4.12.13", "@smithy/types": "^4.14.1", "@smithy/url-parser": "^4.2.14", "@smithy/util-base64": "^4.3.2", "@smithy/util-body-length-browser": "^4.2.2", "@smithy/util-body-length-node": "^4.2.3", "@smithy/util-defaults-mode-browser": "^4.3.49", "@smithy/util-defaults-mode-node": "^4.2.54", "@smithy/util-endpoints": "^3.4.2", "@smithy/util-middleware": "^4.2.14", "@smithy/util-retry": "^4.3.4", "@smithy/util-stream": "^4.5.25", "@smithy/util-utf8": "^4.2.2", "@smithy/util-waiter": "^4.2.16", "tslib": "^2.6.2" } }, "sha512-1JwkI5NXsYrwyEhtBWb441c87DJAn+JFa1/7i1xtizuWX1ibEq9jQBGiz+eQfUZNkVMRnpIGiGDOETJobj+i9w=="],

    "@aws-sdk/core": ["@aws-sdk/core@3.974.5", "", { "dependencies": { "@aws-sdk/types": "^3.973.8", "@aws-sdk/xml-builder": "^3.972.19", "@smithy/core": "^3.23.17", "@smithy/node-config-provider": "^4.3.14", "@smithy/property-provider": "^4.2.14", "@smithy/protocol-http": "^5.3.14", "@smithy/signature-v4": "^5.3.14", "@smithy/smithy-client": "^4.12.13", "@smithy/types": "^4.14.1", "@smithy/util-base64": "^4.3.2", "@smithy/util-middleware": "^4.2.14", "@smithy/util-retry": "^4.3.4", "@smithy/util-utf8": "^4.2.2", "tslib": "^2.6.2" } }, "sha512-lMPlYlYfQdNZhlkJgnkmESwrY+hNh3PljmZ+37oAqLNdJ6rnILAwFSyc6B3bJeDOtMORNnMQIej0aTRuOlDyhQ=="],

    "@aws-sdk/credential-provider-env": ["@aws-sdk/credential-provider-env@3.972.31", "", { "dependencies": { "@aws-sdk/core": "^3.974.5", "@aws-sdk/types": "^3.973.8", "@smithy/property-provider": "^4.2.14", "@smithy/types": "^4.14.1", "tslib": "^2.6.2" } }, "sha512-X/yGB73LmDW/6MdDJGCDzZBUXnM3ys4vs9l+5ZTJmiEswDdP1OjeoAFlFjVGS9o4KB2wZWQ9KOfdVNSSK6Ep3w=="],

    "@aws-sdk/credential-provider-http": ["@aws-sdk/credential-provider-http@3.972.33", "", { "dependencies": { "@aws-sdk/core": "^3.974.5", "@aws-sdk/types": "^3.973.8", "@smithy/fetch-http-handler": "^5.3.17", "@smithy/node-http-handler": "^4.6.1", "@smithy/property-provider": "^4.2.14", "@smithy/protocol-http": "^5.3.14", "@smithy/smithy-client": "^4.12.13", "@smithy/types": "^4.14.1", "@smithy/util-stream": "^4.5.25", "tslib": "^2.6.2" } }, "sha512-c0ZF+lwoWVvX5iCaGKL5T/4DnIw88CGqxA0BcBs3U86mIp5EZYPVg+KSPkMXOyokmADvNewiMUfSG2uFwjRp0g=="],

    "@aws-sdk/credential-provider-ini": ["@aws-sdk/credential-provider-ini@3.972.35", "", { "dependencies": { "@aws-sdk/core": "^3.974.5", "@aws-sdk/credential-provider-env": "^3.972.31", "@aws-sdk/credential-provider-http": "^3.972.33", "@aws-sdk/credential-provider-login": "^3.972.35", "@aws-sdk/credential-provider-process": "^3.972.31", "@aws-sdk/credential-provider-sso": "^3.972.35", "@aws-sdk/credential-provider-web-identity": "^3.972.35", "@aws-sdk/nested-clients": "^3.997.3", "@aws-sdk/types": "^3.973.8", "@smithy/credential-provider-imds": "^4.2.14", "@smithy/property-provider": "^4.2.14", "@smithy/shared-ini-file-loader": "^4.4.9", "@smithy/types": "^4.14.1", "tslib": "^2.6.2" } }, "sha512-jsU4u/cRkKFLKQS0k918FQ27fzXLG5ENiLWQMYE6581zLeI2hWh04ptlrvZMB3wJT/5d+vSzJk74X1CMFr4y8Q=="],

    "@aws-sdk/credential-provider-login": ["@aws-sdk/credential-provider-login@3.972.35", "", { "dependencies": { "@aws-sdk/core": "^3.974.5", "@aws-sdk/nested-clients": "^3.997.3", "@aws-sdk/types": "^3.973.8", "@smithy/property-provider": "^4.2.14", "@smithy/protocol-http": "^5.3.14", "@smithy/shared-ini-file-loader": "^4.4.9", "@smithy/types": "^4.14.1", "tslib": "^2.6.2" } }, "sha512-5oa3j0cA50jPqgNhZ9XdJVopuzUf1klRb28/2MfLYWWiPi9DRVvbrBWT+DidbHTT36520VuXZJahQwR+YgSjrg=="],

    "@aws-sdk/credential-provider-node": ["@aws-sdk/credential-provider-node@3.972.36", "", { "dependencies": { "@aws-sdk/credential-provider-env": "^3.972.31", "@aws-sdk/credential-provider-http": "^3.972.33", "@aws-sdk/credential-provider-ini": "^3.972.35", "@aws-sdk/credential-provider-process": "^3.972.31", "@aws-sdk/credential-provider-sso": "^3.972.35", "@aws-sdk/credential-provider-web-identity": "^3.972.35", "@aws-sdk/types": "^3.973.8", "@smithy/credential-provider-imds": "^4.2.14", "@smithy/property-provider": "^4.2.14", "@smithy/shared-ini-file-loader": "^4.4.9", "@smithy/types": "^4.14.1", "tslib": "^2.6.2" } }, "sha512-4nT2T8Z7vH8KE9EdjEsuIlHpZSlcaK2PrKbQBjuUGU46BCCzF3WvP0u0Uiosni3Ykmmn4rWLVawoOCLotUtCbg=="],

    "@aws-sdk/credential-provider-process": ["@aws-sdk/credential-provider-process@3.972.31", "", { "dependencies": { "@aws-sdk/core": "^3.974.5", "@aws-sdk/types": "^3.973.8", "@smithy/property-provider": "^4.2.14", "@smithy/shared-ini-file-loader": "^4.4.9", "@smithy/types": "^4.14.1", "tslib": "^2.6.2" } }, "sha512-eKeT4MXumpBJsrDLCYcSzIkFPVTFn/es7It2oogp2OhU/ic7P/+xzFpQx9ZhwtXS57Mc5S42BPWi7lHmvs/nYg=="],

    "@aws-sdk/credential-provider-sso": ["@aws-sdk/credential-provider-sso@3.972.35", "", { "dependencies": { "@aws-sdk/core": "^3.974.5", "@aws-sdk/nested-clients": "^3.997.3", "@aws-sdk/token-providers": "3.1036.0", "@aws-sdk/types": "^3.973.8", "@smithy/property-provider": "^4.2.14", "@smithy/shared-ini-file-loader": "^4.4.9", "@smithy/types": "^4.14.1", "tslib": "^2.6.2" } }, "sha512-bCuBdfnj0KGDMdLp6utMTLiJcFN2ek9EgZinxQZZSc3FxjJ/HSqeqab2cjbnoNfy8RM6suDCsRkmVY1izp9I+A=="],

    "@aws-sdk/credential-provider-web-identity": ["@aws-sdk/credential-provider-web-identity@3.972.35", "", { "dependencies": { "@aws-sdk/core": "^3.974.5", "@aws-sdk/nested-clients": "^3.997.3", "@aws-sdk/types": "^3.973.8", "@smithy/property-provider": "^4.2.14", "@smithy/shared-ini-file-loader": "^4.4.9", "@smithy/types": "^4.14.1", "tslib": "^2.6.2" } }, "sha512-swW6Bwvl8lanyEMtZOWE/oR6yqcRQH4HTQZUVsnDVgoXvRjRywpYpLv2BWwjUFyjPrqsdX6FeTkf4tMSe/qFTQ=="],

    "@aws-sdk/middleware-host-header": ["@aws-sdk/middleware-host-header@3.972.10", "", { "dependencies": { "@aws-sdk/types": "^3.973.8", "@smithy/protocol-http": "^5.3.14", "@smithy/types": "^4.14.1", "tslib": "^2.6.2" } }, "sha512-IJSsIMeVQ8MMCPbuh1AbltkFhLBLXn7aejzfX5YKT/VLDHn++Dcz8886tXckE+wQssyPUhaXrJhdakO2VilRhg=="],

    "@aws-sdk/middleware-logger": ["@aws-sdk/middleware-logger@3.972.10", "", { "dependencies": { "@aws-sdk/types": "^3.973.8", "@smithy/types": "^4.14.1", "tslib": "^2.6.2" } }, "sha512-OOuGvvz1Dm20SjZo5oEBePFqxt5nf8AwkNDSyUHvD9/bfNASmstcYxFAHUowy4n6Io7mWUZ04JURZwSBvyQanQ=="],

    "@aws-sdk/middleware-recursion-detection": ["@aws-sdk/middleware-recursion-detection@3.972.11", "", { "dependencies": { "@aws-sdk/types": "^3.973.8", "@aws/lambda-invoke-store": "^0.2.2", "@smithy/protocol-http": "^5.3.14", "@smithy/types": "^4.14.1", "tslib": "^2.6.2" } }, "sha512-+zz6f79Kj9V5qFK2P+D8Ehjnw4AhphAlCAsPjUqEcInA9umtSSKMrHbSagEeOIsDNuvVrH98bjRHcyQukTrhaQ=="],

    "@aws-sdk/middleware-sdk-s3": ["@aws-sdk/middleware-sdk-s3@3.972.34", "", { "dependencies": { "@aws-sdk/core": "^3.974.5", "@aws-sdk/types": "^3.973.8", "@aws-sdk/util-arn-parser": "^3.972.3", "@smithy/core": "^3.23.17", "@smithy/node-config-provider": "^4.3.14", "@smithy/protocol-http": "^5.3.14", "@smithy/signature-v4": "^5.3.14", "@smithy/smithy-client": "^4.12.13", "@smithy/types": "^4.14.1", "@smithy/util-config-provider": "^4.2.2", "@smithy/util-middleware": "^4.2.14", "@smithy/util-stream": "^4.5.25", "@smithy/util-utf8": "^4.2.2", "tslib": "^2.6.2" } }, "sha512-/UL96JKjsjdodcRRMKl99tLQvK6Oi9ptLC9iU1yiTF/ruaDX0mtBBtnLNZDxIZRJOCVOtB49ed1YaTadqygk8Q=="],

    "@aws-sdk/middleware-user-agent": ["@aws-sdk/middleware-user-agent@3.972.35", "", { "dependencies": { "@aws-sdk/core": "^3.974.5", "@aws-sdk/types": "^3.973.8", "@aws-sdk/util-endpoints": "^3.996.8", "@smithy/core": "^3.23.17", "@smithy/protocol-http": "^5.3.14", "@smithy/types": "^4.14.1", "@smithy/util-retry": "^4.3.4", "tslib": "^2.6.2" } }, "sha512-hOFWNOjVmOocpRlrU04nYxjMOeoe0Obu5AXEuhB8zblMCPl3cG1hdluQCZERRKFyhMQjwZnDbhSHjoMUjetFGw=="],

    "@aws-sdk/nested-clients": ["@aws-sdk/nested-clients@3.997.3", "", { "dependencies": { "@aws-crypto/sha256-browser": "5.2.0", "@aws-crypto/sha256-js": "5.2.0", "@aws-sdk/core": "^3.974.5", "@aws-sdk/middleware-host-header": "^3.972.10", "@aws-sdk/middleware-logger": "^3.972.10", "@aws-sdk/middleware-recursion-detection": "^3.972.11", "@aws-sdk/middleware-user-agent": "^3.972.35", "@aws-sdk/region-config-resolver": "^3.972.13", "@aws-sdk/signature-v4-multi-region": "^3.996.22", "@aws-sdk/types": "^3.973.8", "@aws-sdk/util-endpoints": "^3.996.8", "@aws-sdk/util-user-agent-browser": "^3.972.10", "@aws-sdk/util-user-agent-node": "^3.973.21", "@smithy/config-resolver": "^4.4.17", "@smithy/core": "^3.23.17", "@smithy/fetch-http-handler": "^5.3.17", "@smithy/hash-node": "^4.2.14", "@smithy/invalid-dependency": "^4.2.14", "@smithy/middleware-content-length": "^4.2.14", "@smithy/middleware-endpoint": "^4.4.32", "@smithy/middleware-retry": "^4.5.5", "@smithy/middleware-serde": "^4.2.20", "@smithy/middleware-stack": "^4.2.14", "@smithy/node-config-provider": "^4.3.14", "@smithy/node-http-handler": "^4.6.1", "@smithy/protocol-http": "^5.3.14", "@smithy/smithy-client": "^4.12.13", "@smithy/types": "^4.14.1", "@smithy/url-parser": "^4.2.14", "@smithy/util-base64": "^4.3.2", "@smithy/util-body-length-browser": "^4.2.2", "@smithy/util-body-length-node": "^4.2.3", "@smithy/util-defaults-mode-browser": "^4.3.49", "@smithy/util-defaults-mode-node": "^4.2.54", "@smithy/util-endpoints": "^3.4.2", "@smithy/util-middleware": "^4.2.14", "@smithy/util-retry": "^4.3.4", "@smithy/util-utf8": "^4.2.2", "tslib": "^2.6.2" } }, "sha512-SivE6GP228IVgfsrr2c/vqTg95X0Qj39Yw4uIrcddpkUzIltNMoNOR62leHOLhODfjv9K8X2mPTwS69A5kT0nQ=="],

    "@aws-sdk/region-config-resolver": ["@aws-sdk/region-config-resolver@3.972.13", "", { "dependencies": { "@aws-sdk/types": "^3.973.8", "@smithy/config-resolver": "^4.4.17", "@smithy/node-config-provider": "^4.3.14", "@smithy/types": "^4.14.1", "tslib": "^2.6.2" } }, "sha512-CvJ2ZIjK/jVD/lbOpowBVElJyC1YxLTIJ13yM0AEo0t2v7swOzGjSA6lJGH+DwZXQhcjUjoYwc8bVYCX5MDr1A=="],

    "@aws-sdk/signature-v4-multi-region": ["@aws-sdk/signature-v4-multi-region@3.996.22", "", { "dependencies": { "@aws-sdk/middleware-sdk-s3": "^3.972.34", "@aws-sdk/types": "^3.973.8", "@smithy/protocol-http": "^5.3.14", "@smithy/signature-v4": "^5.3.14", "@smithy/types": "^4.14.1", "tslib": "^2.6.2" } }, "sha512-/rXhMXteD+BqhFd0nYprAgcZ/KtU+963uftPqd3tiFcFfooHZINXUGtOmo2SQjRVauCTNqIEzkwuSETdZFqTTA=="],

    "@aws-sdk/token-providers": ["@aws-sdk/token-providers@3.1036.0", "", { "dependencies": { "@aws-sdk/core": "^3.974.5", "@aws-sdk/nested-clients": "^3.997.3", "@aws-sdk/types": "^3.973.8", "@smithy/property-provider": "^4.2.14", "@smithy/shared-ini-file-loader": "^4.4.9", "@smithy/types": "^4.14.1", "tslib": "^2.6.2" } }, "sha512-aNSJ6jjDYayxN9ZA1JpycVScX93Lx03kKZ1EXt3DGOTahcWVLJj3oLAlop0xKP+vP2Ga2t49p1tEaMkTbCCaZA=="],

    "@aws-sdk/types": ["@aws-sdk/types@3.973.8", "", { "dependencies": { "@smithy/types": "^4.14.1", "tslib": "^2.6.2" } }, "sha512-gjlAdtHMbtR9X5iIhVUvbVcy55KnznpC6bkDUWW9z915bi0ckdUr5cjf16Kp6xq0bP5HBD2xzgbL9F9Quv5vUw=="],

    "@aws-sdk/util-arn-parser": ["@aws-sdk/util-arn-parser@3.972.3", "", { "dependencies": { "tslib": "^2.6.2" } }, "sha512-HzSD8PMFrvgi2Kserxuff5VitNq2sgf3w9qxmskKDiDTThWfVteJxuCS9JXiPIPtmCrp+7N9asfIaVhBFORllA=="],

    "@aws-sdk/util-endpoints": ["@aws-sdk/util-endpoints@3.996.8", "", { "dependencies": { "@aws-sdk/types": "^3.973.8", "@smithy/types": "^4.14.1", "@smithy/url-parser": "^4.2.14", "@smithy/util-endpoints": "^3.4.2", "tslib": "^2.6.2" } }, "sha512-oOZHcRDihk5iEe5V25NVWg45b3qEA8OpHWVdU/XQh8Zj4heVPAJqWvMphQnU7LkufmUo10EpvFPZuQMiFLJK3g=="],

    "@aws-sdk/util-locate-window": ["@aws-sdk/util-locate-window@3.965.5", "", { "dependencies": { "tslib": "^2.6.2" } }, "sha512-WhlJNNINQB+9qtLtZJcpQdgZw3SCDCpXdUJP7cToGwHbCWCnRckGlc6Bx/OhWwIYFNAn+FIydY8SZ0QmVu3xTQ=="],

    "@aws-sdk/util-user-agent-browser": ["@aws-sdk/util-user-agent-browser@3.972.10", "", { "dependencies": { "@aws-sdk/types": "^3.973.8", "@smithy/types": "^4.14.1", "bowser": "^2.11.0", "tslib": "^2.6.2" } }, "sha512-FAzqXvfEssGdSIz8ejatan0bOdx1qefBWKF/gWmVBXIP1HkS7v/wjjaqrAGGKvyihrXTXW00/2/1nTJtxpXz7g=="],

    "@aws-sdk/util-user-agent-node": ["@aws-sdk/util-user-agent-node@3.973.21", "", { "dependencies": { "@aws-sdk/middleware-user-agent": "^3.972.35", "@aws-sdk/types": "^3.973.8", "@smithy/node-config-provider": "^4.3.14", "@smithy/types": "^4.14.1", "@smithy/util-config-provider": "^4.2.2", "tslib": "^2.6.2" }, "peerDependencies": { "aws-crt": ">=1.0.0" }, "optionalPeers": ["aws-crt"] }, "sha512-Av4UHTcAWgdvbN0IP9pbtf4Qa1+6LtJqQdZWj5pLn5J67w0pnJJAZZ+7JPPcj2KN3378zD2JDM9DwJKEyvyMTQ=="],

    "@aws-sdk/xml-builder": ["@aws-sdk/xml-builder@3.972.19", "", { "dependencies": { "@smithy/types": "^4.14.1", "fast-xml-parser": "5.7.1", "tslib": "^2.6.2" } }, "sha512-Cw8IOMdBUEIl8ZlhRC3Dc/E64D5B5/8JhV6vhPLiPfJwcRC84S6F8aBOIi/N4vR9ZyA4I5Cc0Ateb/9EHaJXeQ=="],

    "@aws/durable-execution-sdk-js": ["@aws/durable-execution-sdk-js@1.0.2", "", { "dependencies": { "@aws-sdk/client-lambda": "^3.943.0" } }, "sha512-KIYBVqV9gArkWdPEDYOjJqLlO+NecmCXOXadNBlOspJTmqztwuiyb6aZc468bYWSGuL4Me/gyTIK97ubkwFNCw=="],

    "@aws/lambda-invoke-store": ["@aws/lambda-invoke-store@0.2.4", "", {}, "sha512-iY8yvjE0y651BixKNPgmv1WrQc+GZ142sb0z4gYnChDDY2YqI4P/jsSopBWrKfAt7LOJAkOXt7rC/hms+WclQQ=="],

    "@clients/core": ["@clients/core@workspace:packages/core"],

    "@clients/web": ["@clients/web@workspace:packages/web"],

    "@cloudflare/workers-types": ["@cloudflare/workers-types@4.20260424.1", "", {}, "sha512-0DLJ9yEk1KKzPbqop80Gw/P1wkKKzawmipULiJWdBXIBCoMvE0OVWms3IrL/Q/G7tfmPop9yF4XlZ69k9JLYng=="],

    "@nodable/entities": ["@nodable/entities@2.1.0", "", {}, "sha512-nyT7T3nbMyBI/lvr6L5TyWbFJAI9FTgVRakNoBqCD+PmID8DzFrrNdLLtHMwMszOtqZa8PAOV24ZqDnQrhQINA=="],

    "@oxfmt/darwin-arm64": ["@oxfmt/darwin-arm64@0.27.0", "", { "os": "darwin", "cpu": "arm64" }, "sha512-3vwqyzNlVTVFVzHMlrqxb4tgVgHp6FYS0uIxsIZ/SeEDG0azaqiOw/2t8LlJ9f72PKRLWSey+Ak99tiKgpbsnQ=="],

    "@oxfmt/darwin-x64": ["@oxfmt/darwin-x64@0.27.0", "", { "os": "darwin", "cpu": "x64" }, "sha512-5u8mZVLm70v6l1wLZ2MmeNIEzGsruwKw5F7duePzpakPfxGtLpiFNUwe4aBUJULTP6aMzH+A4dA0JOn8lb7Luw=="],

    "@oxfmt/linux-arm64-gnu": ["@oxfmt/linux-arm64-gnu@0.27.0", "", { "os": "linux", "cpu": "arm64" }, "sha512-aql/LLYriX/5Ar7o5Qivnp/qMTUPNiOCr7cFLvmvzYZa3XL0H8XtbKUfIVm+9ILR0urXQzcml+L8pLe1p8sgEg=="],

    "@oxfmt/linux-arm64-musl": ["@oxfmt/linux-arm64-musl@0.27.0", "", { "os": "linux", "cpu": "arm64" }, "sha512-6u/kNb7hubthg4u/pn3MK/GJLwPgjDvDDnjjr7TC0/OK/xztef8ToXmycxIQ9OeDNIJJf7Z0Ss/rHnKvQOWzRw=="],

    "@oxfmt/linux-x64-gnu": ["@oxfmt/linux-x64-gnu@0.27.0", "", { "os": "linux", "cpu": "x64" }, "sha512-EhvDfFHO1yrK/Cu75eU1U828lBsW2cV0JITOrka5AjR3PlmnQQ03Mr9ROkWkbPmzAMklXI4Q16eO+4n+7FhS1w=="],

    "@oxfmt/linux-x64-musl": ["@oxfmt/linux-x64-musl@0.27.0", "", { "os": "linux", "cpu": "x64" }, "sha512-1pgjuwMT5sCekuteYZ7LkDsto7DJouaccwjozHqdWohSj2zJpFeSP2rMaC+6JJ1KD5r9HG9sWRuHZGEaoX9uOw=="],

    "@oxfmt/win32-arm64": ["@oxfmt/win32-arm64@0.27.0", "", { "os": "win32", "cpu": "arm64" }, "sha512-mmuEhXZEhAYAeyjVTWwGKIA3RSb2b/He9wrXkDJPhmqp8qISUzkVg1dQmLEt4hD+wI5rzR+6vchPt521tzuRDA=="],

    "@oxfmt/win32-x64": ["@oxfmt/win32-x64@0.27.0", "", { "os": "win32", "cpu": "x64" }, "sha512-cXKVkL1DuRq31QjwHqtBEUztyBmM9YZKdeFhsDLBURNdk1CFW42uWsmTsaqrXSoiCj7nCjfP0pwTOzxhQZra/A=="],

    "@oxlint/binding-android-arm-eabi": ["@oxlint/binding-android-arm-eabi@1.61.0", "", { "os": "android", "cpu": "arm" }, "sha512-6eZBPgiigK5txqoVgRqxbaxiom4lM8AP8CyKPPvpzKnQ3iFRFOIDc+0AapF+qsUSwjOzr5SGk4SxQDpQhkSJMQ=="],

    "@oxlint/binding-android-arm64": ["@oxlint/binding-android-arm64@1.61.0", "", { "os": "android", "cpu": "arm64" }, "sha512-CkwLR69MUnyv5wjzebvbbtTSUwqLxM35CXE79bHqDIK+NtKmPEUpStTcLQRZMCo4MP0qRT6TXIQVpK0ZVScnMA=="],

    "@oxlint/binding-darwin-arm64": ["@oxlint/binding-darwin-arm64@1.61.0", "", { "os": "darwin", "cpu": "arm64" }, "sha512-8JbefTkbmvqkqWjmQrHke+MdpgT2UghhD/ktM4FOQSpGeCgbMToJEKdl9zwhr/YWTl92i4QI1KiTwVExpcUN8A=="],

    "@oxlint/binding-darwin-x64": ["@oxlint/binding-darwin-x64@1.61.0", "", { "os": "darwin", "cpu": "x64" }, "sha512-uWpoxDT47hTnDLcdEh5jVbso8rlTTu5o0zuqa9J8E0JAKmIWn7kGFEIB03Pycn2hd2vKxybPGLhjURy/9We5FQ=="],

    "@oxlint/binding-freebsd-x64": ["@oxlint/binding-freebsd-x64@1.61.0", "", { "os": "freebsd", "cpu": "x64" }, "sha512-K/o4hEyW7flfMel0iBVznmMBt7VIMHGdjADocHKpK1DUF9erpWnJ+BSSWd2W0c8K3mPtpph+CuHzRU6CI3l9jQ=="],

    "@oxlint/binding-linux-arm-gnueabihf": ["@oxlint/binding-linux-arm-gnueabihf@1.61.0", "", { "os": "linux", "cpu": "arm" }, "sha512-P6040ZkcyweJ0Po9yEFqJCdvZnf3VNCGs1SIHgXDf8AAQNC6ID/heXQs9iSgo2FH7gKaKq32VWc59XZwL34C5Q=="],

    "@oxlint/binding-linux-arm-musleabihf": ["@oxlint/binding-linux-arm-musleabihf@1.61.0", "", { "os": "linux", "cpu": "arm" }, "sha512-bwxrGCzTZkuB+THv2TQ1aTkVEfv5oz8sl+0XZZCpoYzErJD8OhPQOTA0ENPd1zJz8QsVdSzSrS2umKtPq4/JXg=="],

    "@oxlint/binding-linux-arm64-gnu": ["@oxlint/binding-linux-arm64-gnu@1.61.0", "", { "os": "linux", "cpu": "arm64" }, "sha512-vkhb9/wKguMkLlrm3FoJW/Xmdv31GgYAE+x8lxxQ+7HeOxXUySI0q36a3NTVIuQUdLzxCI1zzMGsk1o37FOe3w=="],

    "@oxlint/binding-linux-arm64-musl": ["@oxlint/binding-linux-arm64-musl@1.61.0", "", { "os": "linux", "cpu": "arm64" }, "sha512-bl1dQh8LnVqsj6oOQAcxwbuOmNJkwc4p6o//HTBZhNTzJy21TLDwAviMqUFNUxDHkPGpmdKTSN4tWTjLryP8xg=="],

    "@oxlint/binding-linux-ppc64-gnu": ["@oxlint/binding-linux-ppc64-gnu@1.61.0", "", { "os": "linux", "cpu": "ppc64" }, "sha512-QoOX6KB2IiEpyOj/HKqaxi+NQHPnOgNgnr22n9N4ANJCzXkUlj1UmeAbFb4PpqdlHIzvGDM5xZ0OKtcLq9RhiQ=="],

    "@oxlint/binding-linux-riscv64-gnu": ["@oxlint/binding-linux-riscv64-gnu@1.61.0", "", { "os": "linux", "cpu": "none" }, "sha512-1TGcTerjY6p152wCof3oKElccq3xHljS/Mucp04gV/4ATpP6nO7YNnp7opEg6SHkv2a57/b4b8Ndm9znJ1/qAw=="],

    "@oxlint/binding-linux-riscv64-musl": ["@oxlint/binding-linux-riscv64-musl@1.61.0", "", { "os": "linux", "cpu": "none" }, "sha512-65wXEmZIrX2ADwC8i/qFL4EWLSbeuBpAm3suuX1vu4IQkKd+wLT/HU/BOl84kp91u2SxPkPDyQgu4yrqp8vwVA=="],

    "@oxlint/binding-linux-s390x-gnu": ["@oxlint/binding-linux-s390x-gnu@1.61.0", "", { "os": "linux", "cpu": "s390x" }, "sha512-TVvhgMvor7Qa6COeXxCJ7ENOM+lcAOGsQ0iUdPSCv2hxb9qSHLQ4XF1h50S6RE1gBOJ0WV3rNukg4JJJP1LWRA=="],

    "@oxlint/binding-linux-x64-gnu": ["@oxlint/binding-linux-x64-gnu@1.61.0", "", { "os": "linux", "cpu": "x64" }, "sha512-SjpS5uYuFoDnDdZPwZE59ndF95AsY47R5MliuneTWR1pDm2CxGJaYXbKULI71t5TVfLQUWmrHEGRL9xvuq6dnA=="],

    "@oxlint/binding-linux-x64-musl": ["@oxlint/binding-linux-x64-musl@1.61.0", "", { "os": "linux", "cpu": "x64" }, "sha512-gGfAeGD4sNJGILZbc/yKcIimO9wQnPMoYp9swAaKeEtwsSQAbU+rsdQze5SBtIP6j0QDzeYd4XSSUCRCF+LIeQ=="],

    "@oxlint/binding-openharmony-arm64": ["@oxlint/binding-openharmony-arm64@1.61.0", "", { "os": "none", "cpu": "arm64" }, "sha512-OlVT0LrG/ct33EVtWRyR+B/othwmDWeRxfi13wUdPeb3lAT5TgTcFDcfLfarZtzB4W1nWF/zICMgYdkggX2WmQ=="],

    "@oxlint/binding-win32-arm64-msvc": ["@oxlint/binding-win32-arm64-msvc@1.61.0", "", { "os": "win32", "cpu": "arm64" }, "sha512-vI//NZPJk6DToiovPtaiwD4iQ7kO1r5ReWQD0sOOyKRtP3E2f6jxin4uvwi3OvDzHA2EFfd7DcZl5dtkQh7g1w=="],

    "@oxlint/binding-win32-ia32-msvc": ["@oxlint/binding-win32-ia32-msvc@1.61.0", "", { "os": "win32", "cpu": "ia32" }, "sha512-0ySj4/4zd2XjePs3XAQq7IigIstN4LPQZgCyigX5/ERMLjdWAJfnxcTsrtxZxuij8guJW8foXuHmhGxW0H4dDA=="],

    "@oxlint/binding-win32-x64-msvc": ["@oxlint/binding-win32-x64-msvc@1.61.0", "", { "os": "win32", "cpu": "x64" }, "sha512-0xgSiyeqDLDZxXoe9CVJrOx3TUVsfyoOY7cNi03JbItNcC9WCZqrSNdrAbHONxhSPaVh/lzfnDcON1RqSUMhHw=="],

    "@smithy/config-resolver": ["@smithy/config-resolver@4.4.17", "", { "dependencies": { "@smithy/node-config-provider": "^4.3.14", "@smithy/types": "^4.14.1", "@smithy/util-config-provider": "^4.2.2", "@smithy/util-endpoints": "^3.4.2", "@smithy/util-middleware": "^4.2.14", "tslib": "^2.6.2" } }, "sha512-TzDZcAnhTyAHbXVxWZo7/tEcrIeFq20IBk8So3OLOetWpR8EwY/yEqBMBFaJMeyEiREDq4NfEl+qO3OAUD+vbQ=="],

    "@smithy/core": ["@smithy/core@3.23.17", "", { "dependencies": { "@smithy/protocol-http": "^5.3.14", "@smithy/types": "^4.14.1", "@smithy/url-parser": "^4.2.14", "@smithy/util-base64": "^4.3.2", "@smithy/util-body-length-browser": "^4.2.2", "@smithy/util-middleware": "^4.2.14", "@smithy/util-stream": "^4.5.25", "@smithy/util-utf8": "^4.2.2", "@smithy/uuid": "^1.1.2", "tslib": "^2.6.2" } }, "sha512-x7BlLbUFL8NWCGjMF9C+1N5cVCxcPa7g6Tv9B4A2luWx3be3oU8hQ96wIwxe/s7OhIzvoJH73HAUSg5JXVlEtQ=="],

    "@smithy/credential-provider-imds": ["@smithy/credential-provider-imds@4.2.14", "", { "dependencies": { "@smithy/node-config-provider": "^4.3.14", "@smithy/property-provider": "^4.2.14", "@smithy/types": "^4.14.1", "@smithy/url-parser": "^4.2.14", "tslib": "^2.6.2" } }, "sha512-Au28zBN48ZAoXdooGUHemuVBrkE+Ie6RPmGNIAJsFqj33Vhb6xAgRifUydZ2aY+M+KaMAETAlKk5NC5h1G7wpg=="],

    "@smithy/eventstream-codec": ["@smithy/eventstream-codec@4.2.14", "", { "dependencies": { "@aws-crypto/crc32": "5.2.0", "@smithy/types": "^4.14.1", "@smithy/util-hex-encoding": "^4.2.2", "tslib": "^2.6.2" } }, "sha512-erZq0nOIpzfeZdCyzZjdJb4nVSKLUmSkaQUVkRGQTXs30gyUGeKnrYEg+Xe1W5gE3aReS7IgsvANwVPxSzY6Pw=="],

    "@smithy/eventstream-serde-browser": ["@smithy/eventstream-serde-browser@4.2.14", "", { "dependencies": { "@smithy/eventstream-serde-universal": "^4.2.14", "@smithy/types": "^4.14.1", "tslib": "^2.6.2" } }, "sha512-8IelTCtTctWRbb+0Dcy+C0aICh1qa0qWXqgjcXDmMuCvPJRnv26hiDZoAau2ILOniki65mCPKqOQs/BaWvO4CQ=="],

    "@smithy/eventstream-serde-config-resolver": ["@smithy/eventstream-serde-config-resolver@4.3.14", "", { "dependencies": { "@smithy/types": "^4.14.1", "tslib": "^2.6.2" } }, "sha512-sqHiHpYRYo3FJlaIxD1J8PhbcmJAm7IuM16mVnwSkCToD7g00IBZzKuiLNMGmftULmEUX6/UAz8/NN5uMP8bVA=="],

    "@smithy/eventstream-serde-node": ["@smithy/eventstream-serde-node@4.2.14", "", { "dependencies": { "@smithy/eventstream-serde-universal": "^4.2.14", "@smithy/types": "^4.14.1", "tslib": "^2.6.2" } }, "sha512-Ht/8BuGlKfFTy0H3+8eEu0vdpwGztCnaLLXtpXNdQqiR7Hj4vFScU3T436vRAjATglOIPjJXronY+1WxxNLSiw=="],

    "@smithy/eventstream-serde-universal": ["@smithy/eventstream-serde-universal@4.2.14", "", { "dependencies": { "@smithy/eventstream-codec": "^4.2.14", "@smithy/types": "^4.14.1", "tslib": "^2.6.2" } }, "sha512-lWyt4T2XQZUZgK3tQ3Wn0w3XBvZsK/vjTuJl6bXbnGZBHH0ZUSONTYiK9TgjTTzU54xQr3DRFwpjmhp0oLm3gg=="],

    "@smithy/fetch-http-handler": ["@smithy/fetch-http-handler@5.3.17", "", { "dependencies": { "@smithy/protocol-http": "^5.3.14", "@smithy/querystring-builder": "^4.2.14", "@smithy/types": "^4.14.1", "@smithy/util-base64": "^4.3.2", "tslib": "^2.6.2" } }, "sha512-bXOvQzaSm6MnmLaWA1elgfQcAtN4UP3vXqV97bHuoOrHQOJiLT3ds6o9eo5bqd0TJfRFpzdGnDQdW3FACiAVdw=="],

    "@smithy/hash-node": ["@smithy/hash-node@4.2.14", "", { "dependencies": { "@smithy/types": "^4.14.1", "@smithy/util-buffer-from": "^4.2.2", "@smithy/util-utf8": "^4.2.2", "tslib": "^2.6.2" } }, "sha512-8ZBDY2DD4wr+GGjTpPtiglEsqr0lUP+KHqgZcWczFf6qeZ/YRjMIOoQWVQlmwu7EtxKTd8YXD8lblmYcpBIA1g=="],

    "@smithy/invalid-dependency": ["@smithy/invalid-dependency@4.2.14", "", { "dependencies": { "@smithy/types": "^4.14.1", "tslib": "^2.6.2" } }, "sha512-c21qJiTSb25xvvOp+H2TNZzPCngrvl5vIPqPB8zQ/DmJF4QWXO19x1dWfMJZ6wZuuWUPPm0gV8C0cU3+ifcWuw=="],

    "@smithy/is-array-buffer": ["@smithy/is-array-buffer@4.2.2", "", { "dependencies": { "tslib": "^2.6.2" } }, "sha512-n6rQ4N8Jj4YTQO3YFrlgZuwKodf4zUFs7EJIWH86pSCWBaAtAGBFfCM7Wx6D2bBJ2xqFNxGBSrUWswT3M0VJow=="],

    "@smithy/middleware-content-length": ["@smithy/middleware-content-length@4.2.14", "", { "dependencies": { "@smithy/protocol-http": "^5.3.14", "@smithy/types": "^4.14.1", "tslib": "^2.6.2" } }, "sha512-xhHq7fX4/3lv5NHxLUk3OeEvl0xZ+Ek3qIbWaCL4f9JwgDZEclPBElljaZCAItdGPQl/kSM4LPMOpy1MYgprpw=="],

    "@smithy/middleware-endpoint": ["@smithy/middleware-endpoint@4.4.32", "", { "dependencies": { "@smithy/core": "^3.23.17", "@smithy/middleware-serde": "^4.2.20", "@smithy/node-config-provider": "^4.3.14", "@smithy/shared-ini-file-loader": "^4.4.9", "@smithy/types": "^4.14.1", "@smithy/url-parser": "^4.2.14", "@smithy/util-middleware": "^4.2.14", "tslib": "^2.6.2" } }, "sha512-ZZkgyjnJppiZbIm6Qbx92pbXYi1uzenIvGhBSCDlc7NwuAkiqSgS75j1czAD25ZLs2FjMjYy1q7gyRVWG6JA0Q=="],

    "@smithy/middleware-retry": ["@smithy/middleware-retry@4.5.5", "", { "dependencies": { "@smithy/core": "^3.23.17", "@smithy/node-config-provider": "^4.3.14", "@smithy/protocol-http": "^5.3.14", "@smithy/service-error-classification": "^4.3.0", "@smithy/smithy-client": "^4.12.13", "@smithy/types": "^4.14.1", "@smithy/util-middleware": "^4.2.14", "@smithy/util-retry": "^4.3.4", "@smithy/uuid": "^1.1.2", "tslib": "^2.6.2" } }, "sha512-wnYOpB5vATFKWrY2Z9Alb0KhjZI6AbzU6Fbz3Hq2GnURdRYWB4q+qWivQtSTwXcmWUA3MZ6krfwL6Cq5MAbxsA=="],

    "@smithy/middleware-serde": ["@smithy/middleware-serde@4.2.20", "", { "dependencies": { "@smithy/core": "^3.23.17", "@smithy/protocol-http": "^5.3.14", "@smithy/types": "^4.14.1", "tslib": "^2.6.2" } }, "sha512-Lx9JMO9vArPtiChE3wbEZ5akMIDQpWQtlu90lhACQmNOXcGXRbaDywMHDzuDZ2OkZzP+9wQfZi3YJT9F67zTQQ=="],

    "@smithy/middleware-stack": ["@smithy/middleware-stack@4.2.14", "", { "dependencies": { "@smithy/types": "^4.14.1", "tslib": "^2.6.2" } }, "sha512-2dvkUKLuFdKsCRmOE4Mn63co0Djtsm+JMh0bYZQupN1pJwMeE8FmQmRLLzzEMN0dnNi7CDCYYH8F0EVwWiPBeA=="],

    "@smithy/node-config-provider": ["@smithy/node-config-provider@4.3.14", "", { "dependencies": { "@smithy/property-provider": "^4.2.14", "@smithy/shared-ini-file-loader": "^4.4.9", "@smithy/types": "^4.14.1", "tslib": "^2.6.2" } }, "sha512-S+gFjyo/weSVL0P1b9Ts8C/CwIfNCgUPikk3sl6QVsfE/uUuO+QsF+NsE/JkpvWqqyz1wg7HFdiaZuj5CoBMRg=="],

    "@smithy/node-http-handler": ["@smithy/node-http-handler@4.6.1", "", { "dependencies": { "@smithy/protocol-http": "^5.3.14", "@smithy/querystring-builder": "^4.2.14", "@smithy/types": "^4.14.1", "tslib": "^2.6.2" } }, "sha512-iB+orM4x3xrr57X3YaXazfKnntl0LHlZB1kcXSGzMV1Tt0+YwEjGlbjk/44qEGtBzXAz6yFDzkYTKSV6Pj2HUg=="],

    "@smithy/property-provider": ["@smithy/property-provider@4.2.14", "", { "dependencies": { "@smithy/types": "^4.14.1", "tslib": "^2.6.2" } }, "sha512-WuM31CgfsnQ/10i7NYr0PyxqknD72Y5uMfUMVSniPjbEPceiTErb4eIqJQ+pdxNEAUEWrewrGjIRjVbVHsxZiQ=="],

    "@smithy/protocol-http": ["@smithy/protocol-http@5.3.14", "", { "dependencies": { "@smithy/types": "^4.14.1", "tslib": "^2.6.2" } }, "sha512-dN5F8kHx8RNU0r+pCwNmFZyz6ChjMkzShy/zup6MtkRmmix4vZzJdW+di7x//b1LiynIev88FM18ie+wwPcQtQ=="],

    "@smithy/querystring-builder": ["@smithy/querystring-builder@4.2.14", "", { "dependencies": { "@smithy/types": "^4.14.1", "@smithy/util-uri-escape": "^4.2.2", "tslib": "^2.6.2" } }, "sha512-XYA5Z0IqTeF+5XDdh4BBmSA0HvbgVZIyv4cmOoUheDNR57K1HgBp9ukUMx3Cr3XpDHHpLBnexPE3LAtDsZkj2A=="],

    "@smithy/querystring-parser": ["@smithy/querystring-parser@4.2.14", "", { "dependencies": { "@smithy/types": "^4.14.1", "tslib": "^2.6.2" } }, "sha512-hr+YyqBD23GVvRxGGrcc/oOeNlK3PzT5Fu4dzrDXxzS1LpFiuL2PQQqKPs87M79aW7ziMs+nvB3qdw77SqE7Lw=="],

    "@smithy/service-error-classification": ["@smithy/service-error-classification@4.3.0", "", { "dependencies": { "@smithy/types": "^4.14.1" } }, "sha512-9jKsBYQRPR0xBLgc2415RsA5PIcP2sis4oBdN9s0D13cg1B1284mNTjx9Yc+BEERXzuPm5ObktI96OxsKh8E9A=="],

    "@smithy/shared-ini-file-loader": ["@smithy/shared-ini-file-loader@4.4.9", "", { "dependencies": { "@smithy/types": "^4.14.1", "tslib": "^2.6.2" } }, "sha512-495/V2I15SHgedSJoDPD23JuSfKAp726ZI1V0wtjB07Wh7q/0tri/0e0DLefZCHgxZonrGKt/OCTpAtP1wE1kQ=="],

    "@smithy/signature-v4": ["@smithy/signature-v4@5.3.14", "", { "dependencies": { "@smithy/is-array-buffer": "^4.2.2", "@smithy/protocol-http": "^5.3.14", "@smithy/types": "^4.14.1", "@smithy/util-hex-encoding": "^4.2.2", "@smithy/util-middleware": "^4.2.14", "@smithy/util-uri-escape": "^4.2.2", "@smithy/util-utf8": "^4.2.2", "tslib": "^2.6.2" } }, "sha512-1D9Y/nmlVjCeSivCbhZ7hgEpmHyY1h0GvpSZt3l0xcD9JjmjVC1CHOozS6+Gh+/ldMH8JuJ6cujObQqfayAVFA=="],

    "@smithy/smithy-client": ["@smithy/smithy-client@4.12.13", "", { "dependencies": { "@smithy/core": "^3.23.17", "@smithy/middleware-endpoint": "^4.4.32", "@smithy/middleware-stack": "^4.2.14", "@smithy/protocol-http": "^5.3.14", "@smithy/types": "^4.14.1", "@smithy/util-stream": "^4.5.25", "tslib": "^2.6.2" } }, "sha512-y/Pcj1V9+qG98gyu1gvftHB7rDpdh+7kIBIggs55yGm3JdtBV8GT8IFF3a1qxZ79QnaJHX9GXzvBG6tAd+czJA=="],

    "@smithy/types": ["@smithy/types@4.14.1", "", { "dependencies": { "tslib": "^2.6.2" } }, "sha512-59b5HtSVrVR/eYNei3BUj3DCPKD/G7EtDDe7OEJE7i7FtQFugYo6MxbotS8mVJkLNVf8gYaAlEBwwtJ9HzhWSg=="],

    "@smithy/url-parser": ["@smithy/url-parser@4.2.14", "", { "dependencies": { "@smithy/querystring-parser": "^4.2.14", "@smithy/types": "^4.14.1", "tslib": "^2.6.2" } }, "sha512-p06BiBigJ8bTA3MgnOfCtDUWnAMY0YfedO/GRpmc7p+wg3KW8vbXy1xwSu5ASy0wV7rRYtlfZOIKH4XqfhjSQQ=="],

    "@smithy/util-base64": ["@smithy/util-base64@4.3.2", "", { "dependencies": { "@smithy/util-buffer-from": "^4.2.2", "@smithy/util-utf8": "^4.2.2", "tslib": "^2.6.2" } }, "sha512-XRH6b0H/5A3SgblmMa5ErXQ2XKhfbQB+Fm/oyLZ2O2kCUrwgg55bU0RekmzAhuwOjA9qdN5VU2BprOvGGUkOOQ=="],

    "@smithy/util-body-length-browser": ["@smithy/util-body-length-browser@4.2.2", "", { "dependencies": { "tslib": "^2.6.2" } }, "sha512-JKCrLNOup3OOgmzeaKQwi4ZCTWlYR5H4Gm1r2uTMVBXoemo1UEghk5vtMi1xSu2ymgKVGW631e2fp9/R610ZjQ=="],

    "@smithy/util-body-length-node": ["@smithy/util-body-length-node@4.2.3", "", { "dependencies": { "tslib": "^2.6.2" } }, "sha512-ZkJGvqBzMHVHE7r/hcuCxlTY8pQr1kMtdsVPs7ex4mMU+EAbcXppfo5NmyxMYi2XU49eqaz56j2gsk4dHHPG/g=="],

    "@smithy/util-buffer-from": ["@smithy/util-buffer-from@4.2.2", "", { "dependencies": { "@smithy/is-array-buffer": "^4.2.2", "tslib": "^2.6.2" } }, "sha512-FDXD7cvUoFWwN6vtQfEta540Y/YBe5JneK3SoZg9bThSoOAC/eGeYEua6RkBgKjGa/sz6Y+DuBZj3+YEY21y4Q=="],

    "@smithy/util-config-provider": ["@smithy/util-config-provider@4.2.2", "", { "dependencies": { "tslib": "^2.6.2" } }, "sha512-dWU03V3XUprJwaUIFVv4iOnS1FC9HnMHDfUrlNDSh4315v0cWyaIErP8KiqGVbf5z+JupoVpNM7ZB3jFiTejvQ=="],

    "@smithy/util-defaults-mode-browser": ["@smithy/util-defaults-mode-browser@4.3.49", "", { "dependencies": { "@smithy/property-provider": "^4.2.14", "@smithy/smithy-client": "^4.12.13", "@smithy/types": "^4.14.1", "tslib": "^2.6.2" } }, "sha512-a5bNrdiONYB/qE2BuKegvUMd/+ZDwdg4vsNuuSzYE8qs2EYAdK9CynL+Rzn29PbPiUqoz/cbpRbcLzD5lEevHw=="],

    "@smithy/util-defaults-mode-node": ["@smithy/util-defaults-mode-node@4.2.54", "", { "dependencies": { "@smithy/config-resolver": "^4.4.17", "@smithy/credential-provider-imds": "^4.2.14", "@smithy/node-config-provider": "^4.3.14", "@smithy/property-provider": "^4.2.14", "@smithy/smithy-client": "^4.12.13", "@smithy/types": "^4.14.1", "tslib": "^2.6.2" } }, "sha512-g1cvrJvOnzeJgEdf7AE4luI7gp6L8weE0y9a9wQUSGtjb8QRHDbCJYuE4Sy0SD9N8RrnNPFsPltAz/OSoBR9Zw=="],

    "@smithy/util-endpoints": ["@smithy/util-endpoints@3.4.2", "", { "dependencies": { "@smithy/node-config-provider": "^4.3.14", "@smithy/types": "^4.14.1", "tslib": "^2.6.2" } }, "sha512-a55Tr+3OKld4TTtnT+RhKOQHyPxm3j/xL4OR83WBUhLJaKDS9dnJ7arRMOp3t31dcLhApwG9bgvrRXBHlLdIkg=="],

    "@smithy/util-hex-encoding": ["@smithy/util-hex-encoding@4.2.2", "", { "dependencies": { "tslib": "^2.6.2" } }, "sha512-Qcz3W5vuHK4sLQdyT93k/rfrUwdJ8/HZ+nMUOyGdpeGA1Wxt65zYwi3oEl9kOM+RswvYq90fzkNDahPS8K0OIg=="],

    "@smithy/util-middleware": ["@smithy/util-middleware@4.2.14", "", { "dependencies": { "@smithy/types": "^4.14.1", "tslib": "^2.6.2" } }, "sha512-1Su2vj9RYNDEv/V+2E+jXkkwGsgR7dc4sfHn9Z7ruzQHJIEni9zzw5CauvRXlFJfmgcqYP8fWa0dkh2Q2YaQyw=="],

    "@smithy/util-retry": ["@smithy/util-retry@4.3.4", "", { "dependencies": { "@smithy/service-error-classification": "^4.3.0", "@smithy/types": "^4.14.1", "tslib": "^2.6.2" } }, "sha512-FY1UQQ1VFmMwiYp1GVS4MeaGD5O0blLNYK0xCRHU+mJgeoH/hSY8Ld8sJWKQ6uznkh14HveRGQJncgPyNl9J+A=="],

    "@smithy/util-stream": ["@smithy/util-stream@4.5.25", "", { "dependencies": { "@smithy/fetch-http-handler": "^5.3.17", "@smithy/node-http-handler": "^4.6.1", "@smithy/types": "^4.14.1", "@smithy/util-base64": "^4.3.2", "@smithy/util-buffer-from": "^4.2.2", "@smithy/util-hex-encoding": "^4.2.2", "@smithy/util-utf8": "^4.2.2", "tslib": "^2.6.2" } }, "sha512-/PFpG4k8Ze8Ei+mMKj3oiPICYekthuzePZMgZbCqMiXIHHf4n2aZ4Ps0aSRShycFTGuj/J6XldmC0x0DwednIA=="],

    "@smithy/util-uri-escape": ["@smithy/util-uri-escape@4.2.2", "", { "dependencies": { "tslib": "^2.6.2" } }, "sha512-2kAStBlvq+lTXHyAZYfJRb/DfS3rsinLiwb+69SstC9Vb0s9vNWkRwpnj918Pfi85mzi42sOqdV72OLxWAISnw=="],

    "@smithy/util-utf8": ["@smithy/util-utf8@4.2.2", "", { "dependencies": { "@smithy/util-buffer-from": "^4.2.2", "tslib": "^2.6.2" } }, "sha512-75MeYpjdWRe8M5E3AW0O4Cx3UadweS+cwdXjwYGBW5h/gxxnbeZ877sLPX/ZJA9GVTlL/qG0dXP29JWFCD1Ayw=="],

    "@smithy/util-waiter": ["@smithy/util-waiter@4.2.16", "", { "dependencies": { "@smithy/types": "^4.14.1", "tslib": "^2.6.2" } }, "sha512-GtclrKoZ3Lt7jPQ7aTIYKfjY92OgceScftVnkTsG8e1KV8rkvZgN+ny6YSRhd9hxB8rZtwVbmln7NTvE5O3GmQ=="],

    "@smithy/uuid": ["@smithy/uuid@1.1.2", "", { "dependencies": { "tslib": "^2.6.2" } }, "sha512-O/IEdcCUKkubz60tFbGA7ceITTAJsty+lBjNoorP4Z6XRqaFb/OjQjZODophEcuq68nKm6/0r+6/lLQ+XVpk8g=="],

    "@tsconfig/bun": ["@tsconfig/bun@1.0.10", "", {}, "sha512-5AV5YknQjNyoYzZ/8NG0dawqew/wH+x7ANiCfCIn29qo0cdbd1EryvFD1k5NSZWLBMOI/fGqMIaxi58GPIP9Cg=="],

    "@types/bun": ["@types/bun@1.3.0", "", { "dependencies": { "bun-types": "1.3.0" } }, "sha512-+lAGCYjXjip2qY375xX/scJeVRmZ5cY0wyHYyCYxNcdEXrQ4AOe3gACgd4iQ8ksOslJtW4VNxBJ8llUwc3a6AA=="],

    "@types/node": ["@types/node@22.13.9", "", { "dependencies": { "undici-types": "~6.20.0" } }, "sha512-acBjXdRJ3A6Pb3tqnw9HZmyR3Fiol3aGxRCK1x3d+6CDAMjl7I649wpSd+yNURCjbOUGu9tqtLKnTGxmK6CyGw=="],

    "@types/react": ["@types/react@19.2.14", "", { "dependencies": { "csstype": "^3.2.2" } }, "sha512-ilcTH/UniCkMdtexkoCN0bI7pMcJDvmQFPvuPvmEaYA/NSfFTAgdUSLAoVjaRJm7+6PvcM+q1zYOwS4wTYMF9w=="],

    "aws4fetch": ["aws4fetch@1.0.18", "", {}, "sha512-3Cf+YaUl07p24MoQ46rFwulAmiyCwH2+1zw1ZyPAX5OtJ34Hh185DwB8y/qRLb6cYYYtSFJ9pthyLc0MD4e8sQ=="],

    "bowser": ["bowser@2.14.1", "", {}, "sha512-tzPjzCxygAKWFOJP011oxFHs57HzIhOEracIgAePE4pqB3LikALKnSzUyU4MGs9/iCEUuHlAJTjTc5M+u7YEGg=="],

    "bun-types": ["bun-types@1.3.0", "", { "dependencies": { "@types/node": "*" }, "peerDependencies": { "@types/react": "^19" } }, "sha512-u8X0thhx+yJ0KmkxuEo9HAtdfgCBaM/aI9K90VQcQioAmkVp3SG3FkwWGibUFz3WdXAdcsqOcbU40lK7tbHdkQ=="],

    "csstype": ["csstype@3.2.3", "", {}, "sha512-z1HGKcYy2xA8AGQfwrn0PAy+PB7X/GSj3UVJW9qKyn43xWa+gl5nXmU4qqLMRzWVLFC8KusUX8T/0kCiOYpAIQ=="],

    "fast-xml-builder": ["fast-xml-builder@1.1.5", "", { "dependencies": { "path-expression-matcher": "^1.1.3" } }, "sha512-4TJn/8FKLeslLAH3dnohXqE3QSoxkhvaMzepOIZytwJXZO69Bfz0HBdDHzOTOon6G59Zrk6VQ2bEiv1t61rfkA=="],

    "fast-xml-parser": ["fast-xml-parser@5.7.1", "", { "dependencies": { "@nodable/entities": "^2.1.0", "fast-xml-builder": "^1.1.5", "path-expression-matcher": "^1.5.0", "strnum": "^2.2.3" }, "bin": { "fxparser": "src/cli/cli.js" } }, "sha512-8Cc3f8GUGUULg34pBch/KGyPLglS+OFs05deyOlY7fL2MTagYPKrVQNmR1fLF/yJ9PH5ZSTd3YDF6pnmeZU+zA=="],

    "jose": ["jose@5.2.3", "", {}, "sha512-KUXdbctm1uHVL8BYhnyHkgp3zDX5KW8ZhAKVFEfUbU2P8Alpzjb+48hHvjOdQIyPshoblhzsuqOwEEAbtHVirA=="],

    "lru-cache": ["lru-cache@6.0.0", "", { "dependencies": { "yallist": "^4.0.0" } }, "sha512-Jo6dJ04CmSjuznwJSS3pUeWmd/H0ffTlkXXgwZi+eq1UCmqQwCh+eLsYOYCwY991i2Fah4h1BEMCx4qThGbsiA=="],

    "object-hash": ["object-hash@2.2.0", "", {}, "sha512-gScRMn0bS5fH+IuwyIFgnh9zBdo4DV+6GhygmWM9HyNJSgS0hScp1f5vjtm7oIIOiT9trXrShAkLFSc2IqKNgw=="],

    "oidc-token-hash": ["oidc-token-hash@5.2.0", "", {}, "sha512-6gj2m8cJZ+iSW8bm0FXdGF0YhIQbKrfP4yWTNzxc31U6MOjfEmB1rHvlYvxI1B7t7BCi1F2vYTT6YhtQRG4hxw=="],

    "openid-client": ["openid-client@5.6.4", "", { "dependencies": { "jose": "^4.15.4", "lru-cache": "^6.0.0", "object-hash": "^2.2.0", "oidc-token-hash": "^5.0.3" } }, "sha512-T1h3B10BRPKfcObdBklX639tVz+xh34O7GjofqrqiAQdm7eHsQ00ih18x6wuJ/E6FxdtS2u3FmUGPDeEcMwzNA=="],

    "oxfmt": ["oxfmt@0.27.0", "", { "dependencies": { "tinypool": "2.0.0" }, "optionalDependencies": { "@oxfmt/darwin-arm64": "0.27.0", "@oxfmt/darwin-x64": "0.27.0", "@oxfmt/linux-arm64-gnu": "0.27.0", "@oxfmt/linux-arm64-musl": "0.27.0", "@oxfmt/linux-x64-gnu": "0.27.0", "@oxfmt/linux-x64-musl": "0.27.0", "@oxfmt/win32-arm64": "0.27.0", "@oxfmt/win32-x64": "0.27.0" }, "bin": { "oxfmt": "bin/oxfmt" } }, "sha512-FHR0HR3WeMKBuVEQvW3EeiRZXs/cQzNHxGbhCoAIEPr1FVcOa9GCqrKJXPqv2jkzmCg6Wqot+DvN9RzemyFJhw=="],

    "oxlint": ["oxlint@1.61.0", "", { "optionalDependencies": { "@oxlint/binding-android-arm-eabi": "1.61.0", "@oxlint/binding-android-arm64": "1.61.0", "@oxlint/binding-darwin-arm64": "1.61.0", "@oxlint/binding-darwin-x64": "1.61.0", "@oxlint/binding-freebsd-x64": "1.61.0", "@oxlint/binding-linux-arm-gnueabihf": "1.61.0", "@oxlint/binding-linux-arm-musleabihf": "1.61.0", "@oxlint/binding-linux-arm64-gnu": "1.61.0", "@oxlint/binding-linux-arm64-musl": "1.61.0", "@oxlint/binding-linux-ppc64-gnu": "1.61.0", "@oxlint/binding-linux-riscv64-gnu": "1.61.0", "@oxlint/binding-linux-riscv64-musl": "1.61.0", "@oxlint/binding-linux-s390x-gnu": "1.61.0", "@oxlint/binding-linux-x64-gnu": "1.61.0", "@oxlint/binding-linux-x64-musl": "1.61.0", "@oxlint/binding-openharmony-arm64": "1.61.0", "@oxlint/binding-win32-arm64-msvc": "1.61.0", "@oxlint/binding-win32-ia32-msvc": "1.61.0", "@oxlint/binding-win32-x64-msvc": "1.61.0" }, "peerDependencies": { "oxlint-tsgolint": ">=0.18.0" }, "optionalPeers": ["oxlint-tsgolint"], "bin": { "oxlint": "bin/oxlint" } }, "sha512-ZC0ALuhDZ6ivOFG+sy0D0pEDN49EvsId98zVlmYdkcXHsEM14m/qTNUEsUpiFiCVbpIxYtVBmmLE87nsbUHohQ=="],

    "path-expression-matcher": ["path-expression-matcher@1.5.0", "", {}, "sha512-cbrerZV+6rvdQrrD+iGMcZFEiiSrbv9Tfdkvnusy6y0x0GKBXREFg/Y65GhIfm0tnLntThhzCnfKwp1WRjeCyQ=="],

    "sst": ["sst@4.12.2", "", { "dependencies": { "@aws/durable-execution-sdk-js": "1.0.2", "aws4fetch": "1.0.18", "jose": "5.2.3", "openid-client": "5.6.4" }, "optionalDependencies": { "sst-darwin-arm64": "4.12.2", "sst-darwin-x64": "4.12.2", "sst-linux-arm64": "4.12.2", "sst-linux-x64": "4.12.2", "sst-linux-x86": "4.12.2", "sst-win32-arm64": "4.12.2", "sst-win32-x64": "4.12.2", "sst-win32-x86": "4.12.2" }, "bin": { "sst": "bin/sst.mjs" } }, "sha512-PQdsdND15hF2Pl4Ua74HP1LkFdcq6jb1Sse2MxpdGpAuU2M+1WVDR0QOpIxfl0mf31PKGIord/faoSZG+p/UCg=="],

    "sst-darwin-arm64": ["sst-darwin-arm64@4.12.2", "", { "os": "darwin", "cpu": "arm64" }, "sha512-aC78EsxrXByYJ4MQ2EzHkt1CzZrEkRBBosM1cjjdVYhZMWc0izwk6qFBZ3cXFL0YgdoEf0HKpE6yXyGX/ArT6g=="],

    "sst-darwin-x64": ["sst-darwin-x64@4.12.2", "", { "os": "darwin", "cpu": "x64" }, "sha512-ecOx6k/o0o8E3EOBBX9m7N1Y4rm/q+H90oa0vSq4xrY0T2yTYSMFOZsVzQZaiFl0CtmGfNMfekz9iJYVZRXoQQ=="],

    "sst-linux-arm64": ["sst-linux-arm64@4.12.2", "", { "os": "linux", "cpu": "arm64" }, "sha512-T2/6gNChb6wOilReltMYKH7n9+gcHzPuIbBXM84+B5QBgq2YAlVmllNtbPpg5xo4elGtx120X93hIB4Y/6nd/g=="],

    "sst-linux-x64": ["sst-linux-x64@4.12.2", "", { "os": "linux", "cpu": "x64" }, "sha512-/Ok3/LdY/rsHJtecX7XYWUdjrozdhuk9bTr2I4rHQoKr51surwUEhR951DwsgDNab84OTfixupSwX6qxnXxbmw=="],

    "sst-linux-x86": ["sst-linux-x86@4.12.2", "", { "os": "linux", "cpu": "none" }, "sha512-arGRmYokeoWvqZ/DqoqROwncc/RoyDJRYGpPIm7iDm3MQB3QORjs0zEK42ab6kqiEFJ02yv6WEW9XHjoB7EtOw=="],

    "sst-win32-arm64": ["sst-win32-arm64@4.12.2", "", { "os": "win32", "cpu": "arm64" }, "sha512-9dEe2vn82u/NzDMSfkEvYpB40LvS7YLrSRx66Q44/cFp/1sWHdBLCAQAhk9FX8A22hXqGW70s0R9rLVtoBBzeg=="],

    "sst-win32-x64": ["sst-win32-x64@4.12.2", "", { "os": "win32", "cpu": "x64" }, "sha512-tR7+//CTtUax/SKOsnX4gYr2YFLoC3xLUiW+s9/fomYSNQzSelOJhGOX8J1xCm7oEQ6o12Yul7GiJiUDKfK8Fg=="],

    "sst-win32-x86": ["sst-win32-x86@4.12.2", "", { "os": "win32", "cpu": "none" }, "sha512-rZyp7fx26vtdrJV9OaWmkx6LZT75CeUmZS4F/CiX+jUlK3v9tuNLepRnT7KjSsqgtCCWyIurkHWAakAnAepZ6w=="],

    "strnum": ["strnum@2.2.3", "", {}, "sha512-oKx6RUCuHfT3oyVjtnrmn19H1SiCqgJSg+54XqURKp5aCMbrXrhLjRN9TjuwMjiYstZ0MzDrHqkGZ5dFTKd+zg=="],

    "tinypool": ["tinypool@2.0.0", "", {}, "sha512-/RX9RzeH2xU5ADE7n2Ykvmi9ED3FBGPAjw9u3zucrNNaEBIO0HPSYgL0NT7+3p147ojeSdaVu08F6hjpv31HJg=="],

    "tslib": ["tslib@2.8.1", "", {}, "sha512-oJFu94HQb+KVduSUQL7wnpmqnfmLsOA/nAh6b6EH0wCEoK0/mPeXU6c3wKDV83MkOuHPRHtSXKKU99IBazS/2w=="],

    "typescript": ["typescript@5.8.2", "", { "bin": { "tsc": "bin/tsc", "tsserver": "bin/tsserver" } }, "sha512-aJn6wq13/afZp/jT9QZmwEjDqqvSGp1VT5GVg+f/t6/oVyrgXM6BY1h9BRh/O5p3PlUPAe+WuiEZOmb/49RqoQ=="],

    "undici-types": ["undici-types@6.20.0", "", {}, "sha512-Ny6QZ2Nju20vw1SRHe3d9jVu6gJ+4e3+MMpqu7pqE5HT6WsTSlce++GQmK5UXS8mzV8DSYHrQH+Xrf2jVcuKNg=="],

    "yallist": ["yallist@4.0.0", "", {}, "sha512-3wdGidZyq5PB084XLES5TpOSRA3wjXAlIWMhum2kRcv/41Sn2emQ0dycQW4uZXLejwKvg6EsvbdlVL+FYEct7A=="],

    "zod": ["zod@3.25.76", "", {}, "sha512-gzUt/qt81nXsFGKIFcC3YnfEAx5NkunCfnDlvuBSSFS02bcXu4Lmea0AFIUwbLWxWPx3d9p8S5QoaujKcNQxcQ=="],

    "@aws-crypto/sha256-browser/@smithy/util-utf8": ["@smithy/util-utf8@2.3.0", "", { "dependencies": { "@smithy/util-buffer-from": "^2.2.0", "tslib": "^2.6.2" } }, "sha512-R8Rdn8Hy72KKcebgLiv8jQcQkXoLMOGGv5uI1/k0l+snqkOzQ1R0ChUBCxWMlBsFMekWjq0wRudIweFs7sKT5A=="],

    "@aws-crypto/util/@smithy/util-utf8": ["@smithy/util-utf8@2.3.0", "", { "dependencies": { "@smithy/util-buffer-from": "^2.2.0", "tslib": "^2.6.2" } }, "sha512-R8Rdn8Hy72KKcebgLiv8jQcQkXoLMOGGv5uI1/k0l+snqkOzQ1R0ChUBCxWMlBsFMekWjq0wRudIweFs7sKT5A=="],

    "openid-client/jose": ["jose@4.15.9", "", {}, "sha512-1vUQX+IdDMVPj4k8kOxgUqlcK518yluMuGZwqlr44FS1ppZB/5GWh4rZG89erpOBOJjU/OBsnCVFfapsRz6nEA=="],

    "@aws-crypto/sha256-browser/@smithy/util-utf8/@smithy/util-buffer-from": ["@smithy/util-buffer-from@2.2.0", "", { "dependencies": { "@smithy/is-array-buffer": "^2.2.0", "tslib": "^2.6.2" } }, "sha512-IJdWBbTcMQ6DA0gdNhh/BwrLkDR+ADW5Kr1aZmd4k3DIF6ezMV4R2NIAmT08wQJ3yUK82thHWmC/TnK/wpMMIA=="],

    "@aws-crypto/util/@smithy/util-utf8/@smithy/util-buffer-from": ["@smithy/util-buffer-from@2.2.0", "", { "dependencies": { "@smithy/is-array-buffer": "^2.2.0", "tslib": "^2.6.2" } }, "sha512-IJdWBbTcMQ6DA0gdNhh/BwrLkDR+ADW5Kr1aZmd4k3DIF6ezMV4R2NIAmT08wQJ3yUK82thHWmC/TnK/wpMMIA=="],

    "@aws-crypto/sha256-browser/@smithy/util-utf8/@smithy/util-buffer-from/@smithy/is-array-buffer": ["@smithy/is-array-buffer@2.2.0", "", { "dependencies": { "tslib": "^2.6.2" } }, "sha512-GGP3O9QFD24uGeAXYUjwSTXARoqpZykHadOmA8G5vfJPK0/DC67qa//0qvqrJzL1xc8WQWX7/yc7fwudjPHPhA=="],

    "@aws-crypto/util/@smithy/util-utf8/@smithy/util-buffer-from/@smithy/is-array-buffer": ["@smithy/is-array-buffer@2.2.0", "", { "dependencies": { "tslib": "^2.6.2" } }, "sha512-GGP3O9QFD24uGeAXYUjwSTXARoqpZykHadOmA8G5vfJPK0/DC67qa//0qvqrJzL1xc8WQWX7/yc7fwudjPHPhA=="],
  }
}
